
Microsoft Visual Studio Solution File, Format Version 12.00
# Visual Studio Version 17
VisualStudioVersion = 17.0.31903.59
MinimumVisualStudioVersion = 10.0.40219.1
Project("{9A19103F-16F7-4668-BE54-9A1E7A4F7556}") = "ReviewMe.Frontend", "ReviewMe.Frontend\ReviewMe.Frontend.csproj", "{F7B14B8D-646B-439C-B546-E54688024205}"
EndProject
Project("{9A19103F-16F7-4668-BE54-9A1E7A4F7556}") = "ReviewMe.Components", "ReviewMe.Components\ReviewMe.Components.csproj", "{4B18EFB7-3965-4A92-A082-FBE8331BC4BC}"
EndProject
Project("{9A19103F-16F7-4668-BE54-9A1E7A4F7556}") = "ReviewMe.Models", "ReviewMe.Models\ReviewMe.Models.csproj", "{0FFD4251-4EFF-4CD8-BB11-45CEEB81D6D2}"
EndProject
Global
	GlobalSection(SolutionConfigurationPlatforms) = preSolution
		Debug|Any CPU = Debug|Any CPU
		Release|Any CPU = Release|Any CPU
	EndGlobalSection
	GlobalSection(ProjectConfigurationPlatforms) = postSolution
		{F7B14B8D-646B-439C-B546-E54688024205}.Debug|Any CPU.ActiveCfg = Debug|Any CPU
		{F7B14B8D-646B-439C-B546-E54688024205}.Debug|Any CPU.Build.0 = Debug|Any CPU
		{F7B14B8D-646B-439C-B546-E54688024205}.Release|Any CPU.ActiveCfg = Release|Any CPU
		{F7B14B8D-646B-439C-B546-E54688024205}.Release|Any CPU.Build.0 = Release|Any CPU
		{4B18EFB7-3965-4A92-A082-FBE8331BC4BC}.Debug|Any CPU.ActiveCfg = Debug|Any CPU
		{4B18EFB7-3965-4A92-A082-FBE8331BC4BC}.Debug|Any CPU.Build.0 = Debug|Any CPU
		{4B18EFB7-3965-4A92-A082-FBE8331BC4BC}.Release|Any CPU.ActiveCfg = Release|Any CPU
		{4B18EFB7-3965-4A92-A082-FBE8331BC4BC}.Release|Any CPU.Build.0 = Release|Any CPU
		{0FFD4251-4EFF-4CD8-BB11-45CEEB81D6D2}.Debug|Any CPU.ActiveCfg = Debug|Any CPU
		{0FFD4251-4EFF-4CD8-BB11-45CEEB81D6D2}.Debug|Any CPU.Build.0 = Debug|Any CPU
		{0FFD4251-4EFF-4CD8-BB11-45CEEB81D6D2}.Release|Any CPU.ActiveCfg = Release|Any CPU
		{0FFD4251-4EFF-4CD8-BB11-45CEEB81D6D2}.Release|Any CPU.Build.0 = Release|Any CPU
	EndGlobalSection
	GlobalSection(SolutionProperties) = preSolution
		HideSolutionNode = FALSE
	EndGlobalSection
	GlobalSection(ExtensibilityGlobals) = postSolution
		SolutionGuid = {72C6BCD3-238A-446B-9B1C-85CAF6B4EC1A}
	EndGlobalSection
EndGlobal
